// !$*UTF8*$!
{
	archiveVersion = 1;
	classes = {
	};
	objectVersion = 46;
	objects = {

/* Begin PBXBuildFile section */
		9612CFBF1C195D600045EFCC /* AppDelegate.swift in Sources */ = {isa = PBXBuildFile; fileRef = 9612CFBE1C195D600045EFCC /* AppDelegate.swift */; };
		9612CFC11C195D600045EFCC /* ViewController.swift in Sources */ = {isa = PBXBuildFile; fileRef = 9612CFC01C195D600045EFCC /* ViewController.swift */; };
		9612CFC41C195D600045EFCC /* Main.storyboard in Resources */ = {isa = PBXBuildFile; fileRef = 9612CFC21C195D600045EFCC /* Main.storyboard */; };
		9612CFC61C195D600045EFCC /* Assets.xcassets in Resources */ = {isa = PBXBuildFile; fileRef = 9612CFC51C195D600045EFCC /* Assets.xcassets */; };
		9612CFC91C195D600045EFCC /* LaunchScreen.storyboard in Resources */ = {isa = PBXBuildFile; fileRef = 9612CFC71C195D600045EFCC /* LaunchScreen.storyboard */; };
/* End PBXBuildFile section */

/* Begin PBXFileReference section */
		9612CFBB1C195D600045EFCC /* MTHD.app */ = {isa = PBXFileReference; explicitFileType = wrapper.application; includeInIndex = 0; path = MTHD.app; sourceTree = BUILT_PRODUCTS_DIR; };
		9612CFBE1C195D600045EFCC /* AppDelegate.swift */ = {isa = PBXFileReference; lastKnownFileType = sourcecode.swift; path = AppDelegate.swift; sourceTree = "<group>"; };
		9612CFC01C195D600045EFCC /* ViewController.swift */ = {isa = PBXFileReference; lastKnownFileType = sourcecode.swift; path = ViewController.swift; sourceTree = "<group>"; };
		9612CFC31C195D600045EFCC /* Base */ = {isa = PBXFileReference; lastKnownFileType = file.storyboard; name = Base; path = Base.lproj/Main.storyboard; sourceTree = "<group>"; };
		9612CFC51C195D600045EFCC /* Assets.xcassets */ = {isa = PBXFileReference; lastKnownFileType = folder.assetcatalog; path = Assets.xcassets; sourceTree = "<group>"; };
		9612CFC81C195D600045EFCC /* Base */ = {isa = PBXFileReference; lastKnownFileType = file.storyboard; name = Base; path = Base.lproj/LaunchScreen.storyboard; sourceTree = "<group>"; };
		9612CFCA1C195D600045EFCC /* Info.plist */ = {isa = PBXFileReference; lastKnownFileType = text.plist.xml; path = Info.plist; sourceTree = "<group>"; };
/* End PBXFileReference section */

/* Begin PBXFrameworksBuildPhase section */
		9612CFB81C195D600045EFCC /* Frameworks */ = {
			isa = PBXFrameworksBuildPhase;
			buildActionMask = 2147483647;
			files = (
			);
			runOnlyForDeploymentPostprocessing = 0;
		};
/* End PBXFrameworksBuildPhase section */

/* Begin PBXGroup section */
		9612CFB21C195D600045EFCC = {
			isa = PBXGroup;
			children = (
				9612CFBD1C195D600045EFCC /* MTHD */,
				9612CFBC1C195D600045EFCC /* Products */,
			);
			sourceTree = "<group>";
		};
		9612CFBC1C195D600045EFCC /* Products */ = {
			isa = PBXGroup;
			children = (
				9612CFBB1C195D600045EFCC /* MTHD.app */,
			);
			name = Products;
			sourceTree = "<group>";
		};
		9612CFBD1C195D600045EFCC /* MTHD */ = {
			isa = PBXGroup;
			children = (
				9612CFBE1C195D600045EFCC /* AppDelegate.swift */,
				9612CFC01C195D600045EFCC /* ViewController.swift */,
				9612CFC21C195D600045EFCC /* Main.storyboard */,
				9612CFC51C195D600045EFCC /* Assets.xcassets */,
				9612CFC71C195D600045EFCC /* LaunchScreen.storyboard */,
				9612CFCA1C195D600045EFCC /* Info.plist */,
			);
			path = MTHD;
			sourceTree = "<group>";
		};
/* End PBXGroup section */

/* Begin PBXNativeTarget section */
		9612CFBA1C195D600045EFCC /* MTHD */ = {
			isa = PBXNativeTarget;
			buildConfigurationList = 9612CFCD1C195D600045EFCC /* Build configuration list for PBXNativeTarget "MTHD" */;
			buildPhases = (
				9612CFB71C195D600045EFCC /* Sources */,
				9612CFB81C195D600045EFCC /* Frameworks */,
				9612CFB91C195D600045EFCC /* Resources */,
			);
			buildRules = (
			);
			dependencies = (
			);
			name = MTHD;
			productName = MTHD;
			productReference = 9612CFBB1C195D600045EFCC /* MTHD.app */;
			productType = "com.apple.product-type.application";
		};
/* End PBXNativeTarget section */

/* Begin PBXProject section */
		9612CFB31C195D600045EFCC /* Project object */ = {
			isa = PBXProject;
			attributes = {
				LastSwiftUpdateCheck = 0710;
				LastUpgradeCheck = 0710;
				ORGANIZATIONNAME = sijichcai;
				TargetAttributes = {
					9612CFBA1C195D600045EFCC = {
						CreatedOnToolsVersion = 7.1.1;
						DevelopmentTeam = V68ZXL6SFQ;
					};
				};
			};
			buildConfigurationList = 9612CFB61C195D600045EFCC /* Build configuration list for PBXProject "MTHD" */;
			compatibilityVersion = "Xcode 3.2";
			developmentRegion = English;
			hasScannedForEncodings = 0;
			knownRegions = (
				en,
				Base,
			);
			mainGroup = 9612CFB21C195D600045EFCC;
			productRefGroup = 9612CFBC1C195D600045EFCC /* Products */;
			projectDirPath = "";
			projectRoot = "";
			targets = (
				9612CFBA1C195D600045EFCC /* MTHD */,
			);
		};
/* End PBXProject section */

/* Begin PBXResourcesBuildPhase section */
		9612CFB91C195D600045EFCC /* Resources */ = {
			isa = PBXResourcesBuildPhase;
			buildActionMask = 2147483647;
			files = (
				9612CFC91C195D600045EFCC /* LaunchScreen.storyboard in Resources */,
				9612CFC61C195D600045EFCC /* Assets.xcassets in Resources */,
				9612CFC41C195D600045EFCC /* Main.storyboard in Resources */,
			);
			runOnlyForDeploymentPostprocessing = 0;
		};
/* End PBXResourcesBuildPhase section */

/* Begin PBXSourcesBuildPhase section */
		9612CFB71C195D600045EFCC /* Sources */ = {
			isa = PBXSourcesBuildPhase;
			buildActionMask = 2147483647;
			files = (
				9612CFC11C195D600045EFCC /* ViewController.swift in Sources */,
				9612CFBF1C195D600045EFCC /* AppDelegate.swift in Sources */,
			);
			runOnlyForDeploymentPostprocessing = 0;
		};
/* End PBXSourcesBuildPhase section */

/* Begin PBXVariantGroup section */
		9612CFC21C195D600045EFCC /* Main.storyboard */ = {
			isa = PBXVariantGroup;
			children = (
				9612CFC31C195D600045EFCC /* Base */,
			);
			name = Main.storyboard;
			sourceTree = "<group>";
		};
		9612CFC71C195D600045EFCC /* LaunchScreen.storyboard */ = {
			isa = PBXVariantGroup;
			children = (
				9612CFC81C195D600045EFCC /* Base */,
			);
			name = LaunchScreen.storyboard;
			sourceTree = "<group>";
		};
/* End PBXVariantGroup section */

/* Begin XCBuildConfiguration section */
		9612CFCB1C195D600045EFCC /* Debug */ = {
			isa = XCBuildConfiguration;
			buildSettings = {
				ALWAYS_SEARCH_USER_PATHS = NO;
				CLANG_CXX_LANGUAGE_STANDARD = "gnu++0x";
				CLANG_CXX_LIBRARY = "libc++";
				CLANG_ENABLE_MODULES = YES;
				CLANG_ENABLE_OBJC_ARC = YES;
				CLANG_WARN_BOOL_CONVERSION = YES;
				CLANG_WARN_CONSTANT_CONVERSION = YES;
				CLANG_WARN_DIRECT_OBJC_ISA_USAGE = YES_ERROR;
				CLANG_WARN_EMPTY_BODY = YES;
				CLANG_WARN_ENUM_CONVERSION = YES;
				CLANG_WARN_INT_CONVERSION = YES;
				CLANG_WARN_OBJC_ROOT_CLASS = YES_ERROR;
				CLANG_WARN_UNREACHABLE_CODE = YES;
				CLANG_WARN__DUPLICATE_METHOD_MATCH = YES;
				"CODE_SIGN_IDENTITY[sdk=iphoneos*]" = "iPhone Developer";
				COPY_PHASE_STRIP = NO;
				DEBUG_INFORMATION_FORMAT = dwarf;
				ENABLE_STRICT_OBJC_MSGSEND = YES;
				ENABLE_TESTABILITY = YES;
				GCC_C_LANGUAGE_STANDARD = gnu99;
				GCC_DYNAMIC_NO_PIC = NO;
				GCC_NO_COMMON_BLOCKS = YES;
				GCC_OPTIMIZATION_LEVEL = 0;
				GCC_PREPROCESSOR_DEFINITIONS = (
					"DEBUG=1",
					"$(inherited)",
				);
				GCC_WARN_64_TO_32_BIT_CONVERSION = YES;
				GCC_WARN_ABOUT_RETURN_TYPE = YES_ERROR;
				GCC_WARN_UNDECLARED_SELECTOR = YES;
				GCC_WARN_UNINITIALIZED_AUTOS = YES_AGGRESSIVE;
				GCC_WARN_UNUSED_FUNCTION = YES;
				GCC_WARN_UNUSED_VARIABLE = YES;
				IPHONEOS_DEPLOYMENT_TARGET = 9.1;
				MTL_ENABLE_DEBUG_INFO = YES;
				ONLY_ACTIVE_ARCH = YES;
				SDKROOT = iphoneos;
				SWIFT_OPTIMIZATION_LEVEL = "-Onone";
				TARGETED_DEVICE_FAMILY = 2;
			};
			name = Debug;
		};
		9612CFCC1C195D600045EFCC /* Release */ = {
			isa = XCBuildConfiguration;
			buildSettings = {
				ALWAYS_SEARCH_USER_PATHS = NO;
				CLANG_CXX_LANGUAGE_STANDARD = "gnu++0x";
				CLANG_CXX_LIBRARY = "libc++";
				CLANG_ENABLE_MODULES = YES;
				CLANG_ENABLE_OBJC_ARC = YES;
				CLANG_WARN_BOOL_CONVERSION = YES;
				CLANG_WARN_CONSTANT_CONVERSION = YES;
				CLANG_WARN_DIRECT_OBJC_ISA_USAGE = YES_ERROR;
				CLANG_WARN_EMPTY_BODY = YES;
				CLANG_WARN_ENUM_CONVERSION = YES;
				CLANG_WARN_INT_CONVERSION = YES;
				CLANG_WARN_OBJC_ROOT_CLASS = YES_ERROR;
				CLANG_WARN_UNREACHABLE_CODE = YES;
				CLANG_WARN__DUPLICATE_METHOD_MATCH = YES;
				"CODE_SIGN_IDENTITY[sdk=iphoneos*]" = "iPhone Developer";
				COPY_PHASE_STRIP = NO;
				DEBUG_INFORMATION_FORMAT = "dwarf-with-dsym";
				ENABLE_NS_ASSERTIONS = NO;
				ENABLE_STRICT_OBJC_MSGSEND = YES;
				GCC_C_LANGUAGE_STANDARD = gnu99;
				GCC_NO_COMMON_BLOCKS = YES;
				GCC_WARN_64_TO_32_BIT_CONVERSION = YES;
				GCC_WARN_ABOUT_RETURN_TYPE = YES_ERROR;
				GCC_WARN_UNDECLARED_SELECTOR = YES;
				GCC_WARN_UNINITIALIZED_AUTOS = YES_AGGRESSIVE;
				GCC_WARN_UNUSED_FUNCTION = YES;
				GCC_WARN_UNUSED_VARIABLE = YES;
				IPHONEOS_DEPLOYMENT_TARGET = 9.1;
				MTL_ENABLE_DEBUG_INFO = NO;
				SDKROOT = iphoneos;
				TARGETED_DEVICE_FAMILY = 2;
				VALIDATE_PRODUCT = YES;
			};
			name = Release;
		};
		9612CFCE1C195D600045EFCC /* Debug */ = {
			isa = XCBuildConfiguration;
			buildSettings = {
				ASSETCATALOG_COMPILER_APPICON_NAME = AppIcon;
				INFOPLIST_FILE = MTHD/Info.plist;
				LD_RUNPATH_SEARCH_PATHS = "$(inherited) @executable_path/Frameworks";
				PRODUCT_BUNDLE_IDENTIFIER = swift.MTHD;
				PRODUCT_NAME = "$(TARGET_NAME)";
			};
			name = Debug;
		};
		9612CFCF1C195D600045EFCC /* Release */ = {
			isa = XCBuildConfiguration;
			buildSettings = {
				ASSETCATALOG_COMPILER_APPICON_NAME = AppIcon;
				INFOPLIST_FILE = MTHD/Info.plist;
				LD_RUNPATH_SEARCH_PATHS = "$(inherited) @executable_path/Frameworks";
				PRODUCT_BUNDLE_IDENTIFIER = swift.MTHD;
				PRODUCT_NAME = "$(TARGET_NAME)";
			};
			name = Release;
		};
/* End XCBuildConfiguration section */

/* Begin XCConfigurationList section */
		9612CFB61C195D600045EFCC /* Build configuration list for PBXProject "MTHD" */ = {
			isa = XCConfigurationList;
			buildConfigurations = (
				9612CFCB1C195D600045EFCC /* Debug */,
				9612CFCC1C195D600045EFCC /* Release */,
			);
			defaultConfigurationIsVisible = 0;
			defaultConfigurationName = Release;
		};
		9612CFCD1C195D600045EFCC /* Build configuration list for PBXNativeTarget "MTHD" */ = {
			isa = XCConfigurationList;
			buildConfigurations = (
				9612CFCE1C195D600045EFCC /* Debug */,
				9612CFCF1C195D600045EFCC /* Release */,
			);
			defaultConfigurationIsVisible = 0;
		};
/* End XCConfigurationList section */
	};
	rootObject = 9612CFB31C195D600045EFCC /* Project object */;
}
